// !$*UTF8*$!
{
	archiveVersion = 1;
	classes = {
	};
	objectVersion = 50;
	objects = {

/* Begin PBXBuildFile section */
		6CB611EB21CDA11000C313C5 /* AppDelegate.swift in Sources */ = {isa = PBXBuildFile; fileRef = 6CB611EA21CDA11000C313C5 /* AppDelegate.swift */; };
		6CB611ED21CDA11000C313C5 /* ViewController.swift in Sources */ = {isa = PBXBuildFile; fileRef = 6CB611EC21CDA11000C313C5 /* ViewController.swift */; };
		6CB611F021CDA11000C313C5 /* Main.storyboard in Resources */ = {isa = PBXBuildFile; fileRef = 6CB611EE21CDA11000C313C5 /* Main.storyboard */; };
		6CB611F221CDA11100C313C5 /* Assets.xcassets in Resources */ = {isa = PBXBuildFile; fileRef = 6CB611F121CDA11100C313C5 /* Assets.xcassets */; };
		6CB611F521CDA11100C313C5 /* LaunchScreen.storyboard in Resources */ = {isa = PBXBuildFile; fileRef = 6CB611F321CDA11100C313C5 /* LaunchScreen.storyboard */; };
		6CB6120021CDA11100C313C5 /* BlocksplorerTests.swift in Sources */ = {isa = PBXBuildFile; fileRef = 6CB611FF21CDA11100C313C5 /* BlocksplorerTests.swift */; };
		6CB6120B21CDA1B600C313C5 /* BlockServices.swift in Sources */ = {isa = PBXBuildFile; fileRef = 6CB6120A21CDA1B600C313C5 /* BlockServices.swift */; };
		6CB6120D21CDB7A900C313C5 /* Block.swift in Sources */ = {isa = PBXBuildFile; fileRef = 6CB6120C21CDB7A900C313C5 /* Block.swift */; };
		6CB6120F21CDFC9600C313C5 /* GetInfo.json in Resources */ = {isa = PBXBuildFile; fileRef = 6CB6120E21CDFC9600C313C5 /* GetInfo.json */; };
		6CB6121121CDFCF000C313C5 /* GetBlock.json in Resources */ = {isa = PBXBuildFile; fileRef = 6CB6121021CDFCF000C313C5 /* GetBlock.json */; };
		6CB6121321CEE04600C313C5 /* BlockChainViewController.swift in Sources */ = {isa = PBXBuildFile; fileRef = 6CB6121221CEE04600C313C5 /* BlockChainViewController.swift */; };
		6CB6121521CEE53100C313C5 /* BlocksTableViewController.swift in Sources */ = {isa = PBXBuildFile; fileRef = 6CB6121421CEE53100C313C5 /* BlocksTableViewController.swift */; };
		6CB6121721CEE91200C313C5 /* BlockChainController.swift in Sources */ = {isa = PBXBuildFile; fileRef = 6CB6121621CEE91200C313C5 /* BlockChainController.swift */; };
		6CB6121921CF089600C313C5 /* BlockDetailViewController.swift in Sources */ = {isa = PBXBuildFile; fileRef = 6CB6121821CF089600C313C5 /* BlockDetailViewController.swift */; };
/* End PBXBuildFile section */

/* Begin PBXContainerItemProxy section */
		6CB611FC21CDA11100C313C5 /* PBXContainerItemProxy */ = {
			isa = PBXContainerItemProxy;
			containerPortal = 6CB611DF21CDA11000C313C5 /* Project object */;
			proxyType = 1;
			remoteGlobalIDString = 6CB611E621CDA11000C313C5;
			remoteInfo = Blocksplorer;
		};
/* End PBXContainerItemProxy section */

/* Begin PBXFileReference section */
		6CB611E721CDA11000C313C5 /* Blocksplorer.app */ = {isa = PBXFileReference; explicitFileType = wrapper.application; includeInIndex = 0; path = Blocksplorer.app; sourceTree = BUILT_PRODUCTS_DIR; };
		6CB611EA21CDA11000C313C5 /* AppDelegate.swift */ = {isa = PBXFileReference; lastKnownFileType = sourcecode.swift; path = AppDelegate.swift; sourceTree = "<group>"; };
		6CB611EC21CDA11000C313C5 /* ViewController.swift */ = {isa = PBXFileReference; lastKnownFileType = sourcecode.swift; path = ViewController.swift; sourceTree = "<group>"; };
		6CB611EF21CDA11000C313C5 /* Base */ = {isa = PBXFileReference; lastKnownFileType = file.storyboard; name = Base; path = Base.lproj/Main.storyboard; sourceTree = "<group>"; };
		6CB611F121CDA11100C313C5 /* Assets.xcassets */ = {isa = PBXFileReference; lastKnownFileType = folder.assetcatalog; path = Assets.xcassets; sourceTree = "<group>"; };
		6CB611F421CDA11100C313C5 /* Base */ = {isa = PBXFileReference; lastKnownFileType = file.storyboard; name = Base; path = Base.lproj/LaunchScreen.storyboard; sourceTree = "<group>"; };
		6CB611F621CDA11100C313C5 /* Info.plist */ = {isa = PBXFileReference; lastKnownFileType = text.plist.xml; path = Info.plist; sourceTree = "<group>"; };
		6CB611FB21CDA11100C313C5 /* BlocksplorerTests.xctest */ = {isa = PBXFileReference; explicitFileType = wrapper.cfbundle; includeInIndex = 0; path = BlocksplorerTests.xctest; sourceTree = BUILT_PRODUCTS_DIR; };
		6CB611FF21CDA11100C313C5 /* BlocksplorerTests.swift */ = {isa = PBXFileReference; lastKnownFileType = sourcecode.swift; path = BlocksplorerTests.swift; sourceTree = "<group>"; };
		6CB6120121CDA11100C313C5 /* Info.plist */ = {isa = PBXFileReference; lastKnownFileType = text.plist.xml; path = Info.plist; sourceTree = "<group>"; };
		6CB6120A21CDA1B600C313C5 /* BlockServices.swift */ = {isa = PBXFileReference; lastKnownFileType = sourcecode.swift; path = BlockServices.swift; sourceTree = "<group>"; };
		6CB6120C21CDB7A900C313C5 /* Block.swift */ = {isa = PBXFileReference; lastKnownFileType = sourcecode.swift; path = Block.swift; sourceTree = "<group>"; };
		6CB6120E21CDFC9600C313C5 /* GetInfo.json */ = {isa = PBXFileReference; lastKnownFileType = text.json; path = GetInfo.json; sourceTree = "<group>"; };
		6CB6121021CDFCF000C313C5 /* GetBlock.json */ = {isa = PBXFileReference; lastKnownFileType = text.json; path = GetBlock.json; sourceTree = "<group>"; };
		6CB6121221CEE04600C313C5 /* BlockChainViewController.swift */ = {isa = PBXFileReference; lastKnownFileType = sourcecode.swift; path = BlockChainViewController.swift; sourceTree = "<group>"; };
		6CB6121421CEE53100C313C5 /* BlocksTableViewController.swift */ = {isa = PBXFileReference; lastKnownFileType = sourcecode.swift; path = BlocksTableViewController.swift; sourceTree = "<group>"; };
		6CB6121621CEE91200C313C5 /* BlockChainController.swift */ = {isa = PBXFileReference; lastKnownFileType = sourcecode.swift; path = BlockChainController.swift; sourceTree = "<group>"; };
		6CB6121821CF089600C313C5 /* BlockDetailViewController.swift */ = {isa = PBXFileReference; lastKnownFileType = sourcecode.swift; path = BlockDetailViewController.swift; sourceTree = "<group>"; };
/* End PBXFileReference section */

/* Begin PBXFrameworksBuildPhase section */
		6CB611E421CDA11000C313C5 /* Frameworks */ = {
			isa = PBXFrameworksBuildPhase;
			buildActionMask = 2147483647;
			files = (
			);
			runOnlyForDeploymentPostprocessing = 0;
		};
		6CB611F821CDA11100C313C5 /* Frameworks */ = {
			isa = PBXFrameworksBuildPhase;
			buildActionMask = 2147483647;
			files = (
			);
			runOnlyForDeploymentPostprocessing = 0;
		};
/* End PBXFrameworksBuildPhase section */

/* Begin PBXGroup section */
		6CB611DE21CDA11000C313C5 = {
			isa = PBXGroup;
			children = (
				6CB611E921CDA11000C313C5 /* Blocksplorer */,
				6CB611FE21CDA11100C313C5 /* BlocksplorerTests */,
				6CB611E821CDA11000C313C5 /* Products */,
			);
			sourceTree = "<group>";
		};
		6CB611E821CDA11000C313C5 /* Products */ = {
			isa = PBXGroup;
			children = (
				6CB611E721CDA11000C313C5 /* Blocksplorer.app */,
				6CB611FB21CDA11100C313C5 /* BlocksplorerTests.xctest */,
			);
			name = Products;
			sourceTree = "<group>";
		};
		6CB611E921CDA11000C313C5 /* Blocksplorer */ = {
			isa = PBXGroup;
			children = (
				6CB611EA21CDA11000C313C5 /* AppDelegate.swift */,
				6CB611EC21CDA11000C313C5 /* ViewController.swift */,
				6CB6121221CEE04600C313C5 /* BlockChainViewController.swift */,
				6CB6121421CEE53100C313C5 /* BlocksTableViewController.swift */,
				6CB6121821CF089600C313C5 /* BlockDetailViewController.swift */,
				6CB6120A21CDA1B600C313C5 /* BlockServices.swift */,
				6CB6121621CEE91200C313C5 /* BlockChainController.swift */,
				6CB6120C21CDB7A900C313C5 /* Block.swift */,
				6CB611EE21CDA11000C313C5 /* Main.storyboard */,
				6CB611F121CDA11100C313C5 /* Assets.xcassets */,
				6CB611F321CDA11100C313C5 /* LaunchScreen.storyboard */,
				6CB611F621CDA11100C313C5 /* Info.plist */,
			);
			path = Blocksplorer;
			sourceTree = "<group>";
		};
		6CB611FE21CDA11100C313C5 /* BlocksplorerTests */ = {
			isa = PBXGroup;
			children = (
				6CB611FF21CDA11100C313C5 /* BlocksplorerTests.swift */,
				6CB6120E21CDFC9600C313C5 /* GetInfo.json */,
				6CB6121021CDFCF000C313C5 /* GetBlock.json */,
				6CB6120121CDA11100C313C5 /* Info.plist */,
			);
			path = BlocksplorerTests;
			sourceTree = "<group>";
		};
/* End PBXGroup section */

/* Begin PBXNativeTarget section */
		6CB611E621CDA11000C313C5 /* Blocksplorer */ = {
			isa = PBXNativeTarget;
			buildConfigurationList = 6CB6120421CDA11100C313C5 /* Build configuration list for PBXNativeTarget "Blocksplorer" */;
			buildPhases = (
				6CB611E321CDA11000C313C5 /* Sources */,
				6CB611E421CDA11000C313C5 /* Frameworks */,
				6CB611E521CDA11000C313C5 /* Resources */,
			);
			buildRules = (
			);
			dependencies = (
			);
			name = Blocksplorer;
			productName = Blocksplorer;
			productReference = 6CB611E721CDA11000C313C5 /* Blocksplorer.app */;
			productType = "com.apple.product-type.application";
		};
		6CB611FA21CDA11100C313C5 /* BlocksplorerTests */ = {
			isa = PBXNativeTarget;
			buildConfigurationList = 6CB6120721CDA11100C313C5 /* Build configuration list for PBXNativeTarget "BlocksplorerTests" */;
			buildPhases = (
				6CB611F721CDA11100C313C5 /* Sources */,
				6CB611F821CDA11100C313C5 /* Frameworks */,
				6CB611F921CDA11100C313C5 /* Resources */,
			);
			buildRules = (
			);
			dependencies = (
				6CB611FD21CDA11100C313C5 /* PBXTargetDependency */,
			);
			name = BlocksplorerTests;
			productName = BlocksplorerTests;
			productReference = 6CB611FB21CDA11100C313C5 /* BlocksplorerTests.xctest */;
			productType = "com.apple.product-type.bundle.unit-test";
		};
/* End PBXNativeTarget section */

/* Begin PBXProject section */
		6CB611DF21CDA11000C313C5 /* Project object */ = {
			isa = PBXProject;
			attributes = {
				LastSwiftUpdateCheck = 1010;
				LastUpgradeCheck = 1010;
				ORGANIZATIONNAME = "David Jackman";
				TargetAttributes = {
					6CB611E621CDA11000C313C5 = {
						CreatedOnToolsVersion = 10.1;
					};
					6CB611FA21CDA11100C313C5 = {
						CreatedOnToolsVersion = 10.1;
						TestTargetID = 6CB611E621CDA11000C313C5;
					};
				};
			};
			buildConfigurationList = 6CB611E221CDA11000C313C5 /* Build configuration list for PBXProject "Blocksplorer" */;
			compatibilityVersion = "Xcode 9.3";
			developmentRegion = en;
			hasScannedForEncodings = 0;
			knownRegions = (
				en,
				Base,
			);
			mainGroup = 6CB611DE21CDA11000C313C5;
			productRefGroup = 6CB611E821CDA11000C313C5 /* Products */;
			projectDirPath = "";
			projectRoot = "";
			targets = (
				6CB611E621CDA11000C313C5 /* Blocksplorer */,
				6CB611FA21CDA11100C313C5 /* BlocksplorerTests */,
			);
		};
/* End PBXProject section */

/* Begin PBXResourcesBuildPhase section */
		6CB611E521CDA11000C313C5 /* Resources */ = {
			isa = PBXResourcesBuildPhase;
			buildActionMask = 2147483647;
			files = (
				6CB611F521CDA11100C313C5 /* LaunchScreen.storyboard in Resources */,
				6CB611F221CDA11100C313C5 /* Assets.xcassets in Resources */,
				6CB611F021CDA11000C313C5 /* Main.storyboard in Resources */,
			);
			runOnlyForDeploymentPostprocessing = 0;
		};
		6CB611F921CDA11100C313C5 /* Resources */ = {
			isa = PBXResourcesBuildPhase;
			buildActionMask = 2147483647;
			files = (
				6CB6121121CDFCF000C313C5 /* GetBlock.json in Resources */,
				6CB6120F21CDFC9600C313C5 /* GetInfo.json in Resources */,
			);
			runOnlyForDeploymentPostprocessing = 0;
		};
/* End PBXResourcesBuildPhase section */

/* Begin PBXSourcesBuildPhase section */
		6CB611E321CDA11000C313C5 /* Sources */ = {
			isa = PBXSourcesBuildPhase;
			buildActionMask = 2147483647;
			files = (
				6CB6121321CEE04600C313C5 /* BlockChainViewController.swift in Sources */,
				6CB611ED21CDA11000C313C5 /* ViewController.swift in Sources */,
				6CB6121721CEE91200C313C5 /* BlockChainController.swift in Sources */,
				6CB6120D21CDB7A900C313C5 /* Block.swift in Sources */,
				6CB6121521CEE53100C313C5 /* BlocksTableViewController.swift in Sources */,
				6CB611EB21CDA11000C313C5 /* AppDelegate.swift in Sources */,
				6CB6120B21CDA1B600C313C5 /* BlockServices.swift in Sources */,
				6CB6121921CF089600C313C5 /* BlockDetailViewController.swift in Sources */,
			);
			runOnlyForDeploymentPostprocessing = 0;
		};
		6CB611F721CDA11100C313C5 /* Sources */ = {
			isa = PBXSourcesBuildPhase;
			buildActionMask = 2147483647;
			files = (
				6CB6120021CDA11100C313C5 /* BlocksplorerTests.swift in Sources */,
			);
			runOnlyForDeploymentPostprocessing = 0;
		};
/* End PBXSourcesBuildPhase section */

/* Begin PBXTargetDependency section */
		6CB611FD21CDA11100C313C5 /* PBXTargetDependency */ = {
			isa = PBXTargetDependency;
			target = 6CB611E621CDA11000C313C5 /* Blocksplorer */;
			targetProxy = 6CB611FC21CDA11100C313C5 /* PBXContainerItemProxy */;
		};
/* End PBXTargetDependency section */

/* Begin PBXVariantGroup section */
		6CB611EE21CDA11000C313C5 /* Main.storyboard */ = {
			isa = PBXVariantGroup;
			children = (
				6CB611EF21CDA11000C313C5 /* Base */,
			);
			name = Main.storyboard;
			sourceTree = "<group>";
		};
		6CB611F321CDA11100C313C5 /* LaunchScreen.storyboard */ = {
			isa = PBXVariantGroup;
			children = (
				6CB611F421CDA11100C313C5 /* Base */,
			);
			name = LaunchScreen.storyboard;
			sourceTree = "<group>";
		};
/* End PBXVariantGroup section */

/* Begin XCBuildConfiguration section */
		6CB6120221CDA11100C313C5 /* Debug */ = {
			isa = XCBuildConfiguration;
			buildSettings = {
				ALWAYS_SEARCH_USER_PATHS = NO;
				CLANG_ANALYZER_NONNULL = YES;
				CLANG_ANALYZER_NUMBER_OBJECT_CONVERSION = YES_AGGRESSIVE;
				CLANG_CXX_LANGUAGE_STANDARD = "gnu++14";
				CLANG_CXX_LIBRARY = "libc++";
				CLANG_ENABLE_MODULES = YES;
				CLANG_ENABLE_OBJC_ARC = YES;
				CLANG_ENABLE_OBJC_WEAK = YES;
				CLANG_WARN_BLOCK_CAPTURE_AUTORELEASING = YES;
				CLANG_WARN_BOOL_CONVERSION = YES;
				CLANG_WARN_COMMA = YES;
				CLANG_WARN_CONSTANT_CONVERSION = YES;
				CLANG_WARN_DEPRECATED_OBJC_IMPLEMENTATIONS = YES;
				CLANG_WARN_DIRECT_OBJC_ISA_USAGE = YES_ERROR;
				CLANG_WARN_DOCUMENTATION_COMMENTS = YES;
				CLANG_WARN_EMPTY_BODY = YES;
				CLANG_WARN_ENUM_CONVERSION = YES;
				CLANG_WARN_INFINITE_RECURSION = YES;
				CLANG_WARN_INT_CONVERSION = YES;
				CLANG_WARN_NON_LITERAL_NULL_CONVERSION = YES;
				CLANG_WARN_OBJC_IMPLICIT_RETAIN_SELF = YES;
				CLANG_WARN_OBJC_LITERAL_CONVERSION = YES;
				CLANG_WARN_OBJC_ROOT_CLASS = YES_ERROR;
				CLANG_WARN_RANGE_LOOP_ANALYSIS = YES;
				CLANG_WARN_STRICT_PROTOTYPES = YES;
				CLANG_WARN_SUSPICIOUS_MOVE = YES;
				CLANG_WARN_UNGUARDED_AVAILABILITY = YES_AGGRESSIVE;
				CLANG_WARN_UNREACHABLE_CODE = YES;
				CLANG_WARN__DUPLICATE_METHOD_MATCH = YES;
				CODE_SIGN_IDENTITY = "iPhone Developer";
				COPY_PHASE_STRIP = NO;
				DEBUG_INFORMATION_FORMAT = dwarf;
				ENABLE_STRICT_OBJC_MSGSEND = YES;
				ENABLE_TESTABILITY = YES;
				GCC_C_LANGUAGE_STANDARD = gnu11;
				GCC_DYNAMIC_NO_PIC = NO;
				GCC_NO_COMMON_BLOCKS = YES;
				GCC_OPTIMIZATION_LEVEL = 0;
				GCC_PREPROCESSOR_DEFINITIONS = (
					"DEBUG=1",
					"$(inherited)",
				);
				GCC_WARN_64_TO_32_BIT_CONVERSION = YES;
				GCC_WARN_ABOUT_RETURN_TYPE = YES_ERROR;
				GCC_WARN_UNDECLARED_SELECTOR = YES;
				GCC_WARN_UNINITIALIZED_AUTOS = YES_AGGRESSIVE;
				GCC_WARN_UNUSED_FUNCTION = YES;
				GCC_WARN_UNUSED_VARIABLE = YES;
				IPHONEOS_DEPLOYMENT_TARGET = 12.1;
				MTL_ENABLE_DEBUG_INFO = INCLUDE_SOURCE;
				MTL_FAST_MATH = YES;
				ONLY_ACTIVE_ARCH = YES;
				SDKROOT = iphoneos;
				SWIFT_ACTIVE_COMPILATION_CONDITIONS = DEBUG;
				SWIFT_OPTIMIZATION_LEVEL = "-Onone";
			};
			name = Debug;
		};
		6CB6120321CDA11100C313C5 /* Release */ = {
			isa = XCBuildConfiguration;
			buildSettings = {
				ALWAYS_SEARCH_USER_PATHS = NO;
				CLANG_ANALYZER_NONNULL = YES;
				CLANG_ANALYZER_NUMBER_OBJECT_CONVERSION = YES_AGGRESSIVE;
				CLANG_CXX_LANGUAGE_STANDARD = "gnu++14";
				CLANG_CXX_LIBRARY = "libc++";
				CLANG_ENABLE_MODULES = YES;
				CLANG_ENABLE_OBJC_ARC = YES;
				CLANG_ENABLE_OBJC_WEAK = YES;
				CLANG_WARN_BLOCK_CAPTURE_AUTORELEASING = YES;
				CLANG_WARN_BOOL_CONVERSION = YES;
				CLANG_WARN_COMMA = YES;
				CLANG_WARN_CONSTANT_CONVERSION = YES;
				CLANG_WARN_DEPRECATED_OBJC_IMPLEMENTATIONS = YES;
				CLANG_WARN_DIRECT_OBJC_ISA_USAGE = YES_ERROR;
				CLANG_WARN_DOCUMENTATION_COMMENTS = YES;
				CLANG_WARN_EMPTY_BODY = YES;
				CLANG_WARN_ENUM_CONVERSION = YES;
				CLANG_WARN_INFINITE_RECURSION = YES;
				CLANG_WARN_INT_CONVERSION = YES;
				CLANG_WARN_NON_LITERAL_NULL_CONVERSION = YES;
				CLANG_WARN_OBJC_IMPLICIT_RETAIN_SELF = YES;
				CLANG_WARN_OBJC_LITERAL_CONVERSION = YES;
				CLANG_WARN_OBJC_ROOT_CLASS = YES_ERROR;
				CLANG_WARN_RANGE_LOOP_ANALYSIS = YES;
				CLANG_WARN_STRICT_PROTOTYPES = YES;
				CLANG_WARN_SUSPICIOUS_MOVE = YES;
				CLANG_WARN_UNGUARDED_AVAILABILITY = YES_AGGRESSIVE;
				CLANG_WARN_UNREACHABLE_CODE = YES;
				CLANG_WARN__DUPLICATE_METHOD_MATCH = YES;
				CODE_SIGN_IDENTITY = "iPhone Developer";
				COPY_PHASE_STRIP = NO;
				DEBUG_INFORMATION_FORMAT = "dwarf-with-dsym";
				ENABLE_NS_ASSERTIONS = NO;
				ENABLE_STRICT_OBJC_MSGSEND = YES;
				GCC_C_LANGUAGE_STANDARD = gnu11;
				GCC_NO_COMMON_BLOCKS = YES;
				GCC_WARN_64_TO_32_BIT_CONVERSION = YES;
				GCC_WARN_ABOUT_RETURN_TYPE = YES_ERROR;
				GCC_WARN_UNDECLARED_SELECTOR = YES;
				GCC_WARN_UNINITIALIZED_AUTOS = YES_AGGRESSIVE;
				GCC_WARN_UNUSED_FUNCTION = YES;
				GCC_WARN_UNUSED_VARIABLE = YES;
				IPHONEOS_DEPLOYMENT_TARGET = 12.1;
				MTL_ENABLE_DEBUG_INFO = NO;
				MTL_FAST_MATH = YES;
				SDKROOT = iphoneos;
				SWIFT_COMPILATION_MODE = wholemodule;
				SWIFT_OPTIMIZATION_LEVEL = "-O";
				VALIDATE_PRODUCT = YES;
			};
			name = Release;
		};
		6CB6120521CDA11100C313C5 /* Debug */ = {
			isa = XCBuildConfiguration;
			buildSettings = {
				ASSETCATALOG_COMPILER_APPICON_NAME = AppIcon;
				CODE_SIGN_STYLE = Automatic;
				DEVELOPMENT_TEAM = 4957SDVDP4;
				INFOPLIST_FILE = Blocksplorer/Info.plist;
				LD_RUNPATH_SEARCH_PATHS = (
					"$(inherited)",
					"@executable_path/Frameworks",
				);
				PRODUCT_BUNDLE_IDENTIFIER = net.davidjackman.Blocksplorer;
				PRODUCT_NAME = "$(TARGET_NAME)";
				SWIFT_VERSION = 4.2;
				TARGETED_DEVICE_FAMILY = "1,2";
			};
			name = Debug;
		};
		6CB6120621CDA11100C313C5 /* Release */ = {
			isa = XCBuildConfiguration;
			buildSettings = {
				ASSETCATALOG_COMPILER_APPICON_NAME = AppIcon;
				CODE_SIGN_STYLE = Automatic;
				DEVELOPMENT_TEAM = 4957SDVDP4;
				INFOPLIST_FILE = Blocksplorer/Info.plist;
				LD_RUNPATH_SEARCH_PATHS = (
					"$(inherited)",
					"@executable_path/Frameworks",
				);
				PRODUCT_BUNDLE_IDENTIFIER = net.davidjackman.Blocksplorer;
				PRODUCT_NAME = "$(TARGET_NAME)";
				SWIFT_VERSION = 4.2;
				TARGETED_DEVICE_FAMILY = "1,2";
			};
			name = Release;
		};
		6CB6120821CDA11100C313C5 /* Debug */ = {
			isa = XCBuildConfiguration;
			buildSettings = {
				ALWAYS_EMBED_SWIFT_STANDARD_LIBRARIES = YES;
				BUNDLE_LOADER = "$(TEST_HOST)";
				CODE_SIGN_STYLE = Automatic;
				DEVELOPMENT_TEAM = 4957SDVDP4;
				INFOPLIST_FILE = BlocksplorerTests/Info.plist;
				LD_RUNPATH_SEARCH_PATHS = (
					"$(inherited)",
					"@executable_path/Frameworks",
					"@loader_path/Frameworks",
				);
				PRODUCT_BUNDLE_IDENTIFIER = net.davidjackman.BlocksplorerTests;
				PRODUCT_NAME = "$(TARGET_NAME)";
				SWIFT_VERSION = 4.2;
				TARGETED_DEVICE_FAMILY = "1,2";
				TEST_HOST = "$(BUILT_PRODUCTS_DIR)/Blocksplorer.app/Blocksplorer";
			};
			name = Debug;
		};
		6CB6120921CDA11100C313C5 /* Release */ = {
			isa = XCBuildConfiguration;
			buildSettings = {
				ALWAYS_EMBED_SWIFT_STANDARD_LIBRARIES = YES;
				BUNDLE_LOADER = "$(TEST_HOST)";
				CODE_SIGN_STYLE = Automatic;
				DEVELOPMENT_TEAM = 4957SDVDP4;
				INFOPLIST_FILE = BlocksplorerTests/Info.plist;
				LD_RUNPATH_SEARCH_PATHS = (
					"$(inherited)",
					"@executable_path/Frameworks",
					"@loader_path/Frameworks",
				);
				PRODUCT_BUNDLE_IDENTIFIER = net.davidjackman.BlocksplorerTests;
				PRODUCT_NAME = "$(TARGET_NAME)";
				SWIFT_VERSION = 4.2;
				TARGETED_DEVICE_FAMILY = "1,2";
				TEST_HOST = "$(BUILT_PRODUCTS_DIR)/Blocksplorer.app/Blocksplorer";
			};
			name = Release;
		};
/* End XCBuildConfiguration section */

/* Begin XCConfigurationList section */
		6CB611E221CDA11000C313C5 /* Build configuration list for PBXProject "Blocksplorer" */ = {
			isa = XCConfigurationList;
			buildConfigurations = (
				6CB6120221CDA11100C313C5 /* Debug */,
				6CB6120321CDA11100C313C5 /* Release */,
			);
			defaultConfigurationIsVisible = 0;
			defaultConfigurationName = Release;
		};
		6CB6120421CDA11100C313C5 /* Build configuration list for PBXNativeTarget "Blocksplorer" */ = {
			isa = XCConfigurationList;
			buildConfigurations = (
				6CB6120521CDA11100C313C5 /* Debug */,
				6CB6120621CDA11100C313C5 /* Release */,
			);
			defaultConfigurationIsVisible = 0;
			defaultConfigurationName = Release;
		};
		6CB6120721CDA11100C313C5 /* Build configuration list for PBXNativeTarget "BlocksplorerTests" */ = {
			isa = XCConfigurationList;
			buildConfigurations = (
				6CB6120821CDA11100C313C5 /* Debug */,
				6CB6120921CDA11100C313C5 /* Release */,
			);
			defaultConfigurationIsVisible = 0;
			defaultConfigurationName = Release;
		};
/* End XCConfigurationList section */
	};
	rootObject = 6CB611DF21CDA11000C313C5 /* Project object */;
}
